// !$*UTF8*$!
{
	archiveVersion = 1;
	classes = {
	};
	objectVersion = 46;
	objects = {

/* Begin PBXBuildFile section */
		A9308F8E1A58B9A900C05D01 /* main.m in Sources */ = {isa = PBXBuildFile; fileRef = A9308F8D1A58B9A900C05D01 /* main.m */; };
		A9308F911A58B9A900C05D01 /* AppDelegate.m in Sources */ = {isa = PBXBuildFile; fileRef = A9308F901A58B9A900C05D01 /* AppDelegate.m */; };
		A9308F9C1A58B9A900C05D01 /* Images.xcassets in Resources */ = {isa = PBXBuildFile; fileRef = A9308F9B1A58B9A900C05D01 /* Images.xcassets */; };
		A9308F9F1A58B9A900C05D01 /* LaunchScreen.xib in Resources */ = {isa = PBXBuildFile; fileRef = A9308F9D1A58B9A900C05D01 /* LaunchScreen.xib */; };
		A9308FAB1A58B9A900C05D01 /* NSFargoTests.m in Sources */ = {isa = PBXBuildFile; fileRef = A9308FAA1A58B9A900C05D01 /* NSFargoTests.m */; };
		A9308FB51A58BABD00C05D01 /* MainWindow.xib in Resources */ = {isa = PBXBuildFile; fileRef = A9308FB41A58BABD00C05D01 /* MainWindow.xib */; };
		A9308FBB1A58C0D900C05D01 /* EventMainViewController.m in Sources */ = {isa = PBXBuildFile; fileRef = A9308FB91A58C0D900C05D01 /* EventMainViewController.m */; };
		A9308FBC1A58C0D900C05D01 /* EventMainViewController.xib in Resources */ = {isa = PBXBuildFile; fileRef = A9308FBA1A58C0D900C05D01 /* EventMainViewController.xib */; };
/* End PBXBuildFile section */

/* Begin PBXContainerItemProxy section */
		A9308FA51A58B9A900C05D01 /* PBXContainerItemProxy */ = {
			isa = PBXContainerItemProxy;
			containerPortal = A9308F801A58B9A800C05D01 /* Project object */;
			proxyType = 1;
			remoteGlobalIDString = A9308F871A58B9A900C05D01;
			remoteInfo = NSFargo;
		};
/* End PBXContainerItemProxy section */

/* Begin PBXFileReference section */
		A9308F881A58B9A900C05D01 /* NSFargo.app */ = {isa = PBXFileReference; explicitFileType = wrapper.application; includeInIndex = 0; path = NSFargo.app; sourceTree = BUILT_PRODUCTS_DIR; };
		A9308F8C1A58B9A900C05D01 /* Info.plist */ = {isa = PBXFileReference; lastKnownFileType = text.plist.xml; path = Info.plist; sourceTree = "<group>"; };
		A9308F8D1A58B9A900C05D01 /* main.m */ = {isa = PBXFileReference; lastKnownFileType = sourcecode.c.objc; path = main.m; sourceTree = "<group>"; };
		A9308F8F1A58B9A900C05D01 /* AppDelegate.h */ = {isa = PBXFileReference; lastKnownFileType = sourcecode.c.h; path = AppDelegate.h; sourceTree = "<group>"; };
		A9308F901A58B9A900C05D01 /* AppDelegate.m */ = {isa = PBXFileReference; lastKnownFileType = sourcecode.c.objc; path = AppDelegate.m; sourceTree = "<group>"; };
		A9308F9B1A58B9A900C05D01 /* Images.xcassets */ = {isa = PBXFileReference; lastKnownFileType = folder.assetcatalog; path = Images.xcassets; sourceTree = "<group>"; };
		A9308F9E1A58B9A900C05D01 /* Base */ = {isa = PBXFileReference; lastKnownFileType = file.xib; name = Base; path = Base.lproj/LaunchScreen.xib; sourceTree = "<group>"; };
		A9308FA41A58B9A900C05D01 /* NSFargoTests.xctest */ = {isa = PBXFileReference; explicitFileType = wrapper.cfbundle; includeInIndex = 0; path = NSFargoTests.xctest; sourceTree = BUILT_PRODUCTS_DIR; };
		A9308FA91A58B9A900C05D01 /* Info.plist */ = {isa = PBXFileReference; lastKnownFileType = text.plist.xml; path = Info.plist; sourceTree = "<group>"; };
		A9308FAA1A58B9A900C05D01 /* NSFargoTests.m */ = {isa = PBXFileReference; lastKnownFileType = sourcecode.c.objc; path = NSFargoTests.m; sourceTree = "<group>"; };
		A9308FB41A58BABD00C05D01 /* MainWindow.xib */ = {isa = PBXFileReference; fileEncoding = 4; lastKnownFileType = file.xib; path = MainWindow.xib; sourceTree = "<group>"; };
		A9308FB81A58C0D900C05D01 /* EventMainViewController.h */ = {isa = PBXFileReference; fileEncoding = 4; lastKnownFileType = sourcecode.c.h; path = EventMainViewController.h; sourceTree = "<group>"; };
		A9308FB91A58C0D900C05D01 /* EventMainViewController.m */ = {isa = PBXFileReference; fileEncoding = 4; lastKnownFileType = sourcecode.c.objc; path = EventMainViewController.m; sourceTree = "<group>"; };
		A9308FBA1A58C0D900C05D01 /* EventMainViewController.xib */ = {isa = PBXFileReference; fileEncoding = 4; lastKnownFileType = file.xib; path = EventMainViewController.xib; sourceTree = "<group>"; };
/* End PBXFileReference section */

/* Begin PBXFrameworksBuildPhase section */
		A9308F851A58B9A900C05D01 /* Frameworks */ = {
			isa = PBXFrameworksBuildPhase;
			buildActionMask = 2147483647;
			files = (
			);
			runOnlyForDeploymentPostprocessing = 0;
		};
		A9308FA11A58B9A900C05D01 /* Frameworks */ = {
			isa = PBXFrameworksBuildPhase;
			buildActionMask = 2147483647;
			files = (
			);
			runOnlyForDeploymentPostprocessing = 0;
		};
/* End PBXFrameworksBuildPhase section */

/* Begin PBXGroup section */
		A9308F7F1A58B9A800C05D01 = {
			isa = PBXGroup;
			children = (
				A9308F8A1A58B9A900C05D01 /* NSFargo */,
				A9308FA71A58B9A900C05D01 /* NSFargoTests */,
				A9308F891A58B9A900C05D01 /* Products */,
			);
			sourceTree = "<group>";
		};
		A9308F891A58B9A900C05D01 /* Products */ = {
			isa = PBXGroup;
			children = (
				A9308F881A58B9A900C05D01 /* NSFargo.app */,
				A9308FA41A58B9A900C05D01 /* NSFargoTests.xctest */,
			);
			name = Products;
			sourceTree = "<group>";
		};
		A9308F8A1A58B9A900C05D01 /* NSFargo */ = {
			isa = PBXGroup;
			children = (
				A9308F8F1A58B9A900C05D01 /* AppDelegate.h */,
				A9308F901A58B9A900C05D01 /* AppDelegate.m */,
				A9308FB61A58C0AE00C05D01 /* Application Views */,
				A9308F9B1A58B9A900C05D01 /* Images.xcassets */,
				A9308F9D1A58B9A900C05D01 /* LaunchScreen.xib */,
				A9308F8B1A58B9A900C05D01 /* Supporting Files */,
				A9308FB41A58BABD00C05D01 /* MainWindow.xib */,
			);
			path = NSFargo;
			sourceTree = "<group>";
		};
		A9308F8B1A58B9A900C05D01 /* Supporting Files */ = {
			isa = PBXGroup;
			children = (
				A9308F8C1A58B9A900C05D01 /* Info.plist */,
				A9308F8D1A58B9A900C05D01 /* main.m */,
			);
			name = "Supporting Files";
			sourceTree = "<group>";
		};
		A9308FA71A58B9A900C05D01 /* NSFargoTests */ = {
			isa = PBXGroup;
			children = (
				A9308FAA1A58B9A900C05D01 /* NSFargoTests.m */,
				A9308FA81A58B9A900C05D01 /* Supporting Files */,
			);
			path = NSFargoTests;
			sourceTree = "<group>";
		};
		A9308FA81A58B9A900C05D01 /* Supporting Files */ = {
			isa = PBXGroup;
			children = (
				A9308FA91A58B9A900C05D01 /* Info.plist */,
			);
			name = "Supporting Files";
			sourceTree = "<group>";
		};
		A9308FB61A58C0AE00C05D01 /* Application Views */ = {
			isa = PBXGroup;
			children = (
				A9308FB71A58C0B800C05D01 /* Event Views */,
			);
			name = "Application Views";
			sourceTree = "<group>";
		};
		A9308FB71A58C0B800C05D01 /* Event Views */ = {
			isa = PBXGroup;
			children = (
				A9308FB81A58C0D900C05D01 /* EventMainViewController.h */,
				A9308FB91A58C0D900C05D01 /* EventMainViewController.m */,
				A9308FBA1A58C0D900C05D01 /* EventMainViewController.xib */,
			);
			name = "Event Views";
			sourceTree = "<group>";
		};
/* End PBXGroup section */

/* Begin PBXNativeTarget section */
		A9308F871A58B9A900C05D01 /* NSFargo */ = {
			isa = PBXNativeTarget;
			buildConfigurationList = A9308FAE1A58B9A900C05D01 /* Build configuration list for PBXNativeTarget "NSFargo" */;
			buildPhases = (
				A9308F841A58B9A900C05D01 /* Sources */,
				A9308F851A58B9A900C05D01 /* Frameworks */,
				A9308F861A58B9A900C05D01 /* Resources */,
			);
			buildRules = (
			);
			dependencies = (
			);
			name = NSFargo;
			productName = NSFargo;
			productReference = A9308F881A58B9A900C05D01 /* NSFargo.app */;
			productType = "com.apple.product-type.application";
		};
		A9308FA31A58B9A900C05D01 /* NSFargoTests */ = {
			isa = PBXNativeTarget;
			buildConfigurationList = A9308FB11A58B9A900C05D01 /* Build configuration list for PBXNativeTarget "NSFargoTests" */;
			buildPhases = (
				A9308FA01A58B9A900C05D01 /* Sources */,
				A9308FA11A58B9A900C05D01 /* Frameworks */,
				A9308FA21A58B9A900C05D01 /* Resources */,
			);
			buildRules = (
			);
			dependencies = (
				A9308FA61A58B9A900C05D01 /* PBXTargetDependency */,
			);
			name = NSFargoTests;
			productName = NSFargoTests;
			productReference = A9308FA41A58B9A900C05D01 /* NSFargoTests.xctest */;
			productType = "com.apple.product-type.bundle.unit-test";
		};
/* End PBXNativeTarget section */

/* Begin PBXProject section */
		A9308F801A58B9A800C05D01 /* Project object */ = {
			isa = PBXProject;
			attributes = {
				LastUpgradeCheck = 0610;
				ORGANIZATIONNAME = NSFargo;
				TargetAttributes = {
					A9308F871A58B9A900C05D01 = {
						CreatedOnToolsVersion = 6.1.1;
					};
					A9308FA31A58B9A900C05D01 = {
						CreatedOnToolsVersion = 6.1.1;
						TestTargetID = A9308F871A58B9A900C05D01;
					};
				};
			};
			buildConfigurationList = A9308F831A58B9A800C05D01 /* Build configuration list for PBXProject "NSFargo" */;
			compatibilityVersion = "Xcode 3.2";
			developmentRegion = English;
			hasScannedForEncodings = 0;
			knownRegions = (
				en,
				Base,
			);
			mainGroup = A9308F7F1A58B9A800C05D01;
			productRefGroup = A9308F891A58B9A900C05D01 /* Products */;
			projectDirPath = "";
			projectRoot = "";
			targets = (
				A9308F871A58B9A900C05D01 /* NSFargo */,
				A9308FA31A58B9A900C05D01 /* NSFargoTests */,
			);
		};
/* End PBXProject section */

/* Begin PBXResourcesBuildPhase section */
		A9308F861A58B9A900C05D01 /* Resources */ = {
			isa = PBXResourcesBuildPhase;
			buildActionMask = 2147483647;
			files = (
				A9308F9F1A58B9A900C05D01 /* LaunchScreen.xib in Resources */,
				A9308FB51A58BABD00C05D01 /* MainWindow.xib in Resources */,
				A9308FBC1A58C0D900C05D01 /* EventMainViewController.xib in Resources */,
				A9308F9C1A58B9A900C05D01 /* Images.xcassets in Resources */,
			);
			runOnlyForDeploymentPostprocessing = 0;
		};
		A9308FA21A58B9A900C05D01 /* Resources */ = {
			isa = PBXResourcesBuildPhase;
			buildActionMask = 2147483647;
			files = (
			);
			runOnlyForDeploymentPostprocessing = 0;
		};
/* End PBXResourcesBuildPhase section */

/* Begin PBXSourcesBuildPhase section */
		A9308F841A58B9A900C05D01 /* Sources */ = {
			isa = PBXSourcesBuildPhase;
			buildActionMask = 2147483647;
			files = (
				A9308F911A58B9A900C05D01 /* AppDelegate.m in Sources */,
				A9308FBB1A58C0D900C05D01 /* EventMainViewController.m in Sources */,
				A9308F8E1A58B9A900C05D01 /* main.m in Sources */,
			);
			runOnlyForDeploymentPostprocessing = 0;
		};
		A9308FA01A58B9A900C05D01 /* Sources */ = {
			isa = PBXSourcesBuildPhase;
			buildActionMask = 2147483647;
			files = (
				A9308FAB1A58B9A900C05D01 /* NSFargoTests.m in Sources */,
			);
			runOnlyForDeploymentPostprocessing = 0;
		};
/* End PBXSourcesBuildPhase section */

/* Begin PBXTargetDependency section */
		A9308FA61A58B9A900C05D01 /* PBXTargetDependency */ = {
			isa = PBXTargetDependency;
			target = A9308F871A58B9A900C05D01 /* NSFargo */;
			targetProxy = A9308FA51A58B9A900C05D01 /* PBXContainerItemProxy */;
		};
/* End PBXTargetDependency section */

/* Begin PBXVariantGroup section */
		A9308F9D1A58B9A900C05D01 /* LaunchScreen.xib */ = {
			isa = PBXVariantGroup;
			children = (
				A9308F9E1A58B9A900C05D01 /* Base */,
			);
			name = LaunchScreen.xib;
			sourceTree = "<group>";
		};
/* End PBXVariantGroup section */

/* Begin XCBuildConfiguration section */
		A9308FAC1A58B9A900C05D01 /* Debug */ = {
			isa = XCBuildConfiguration;
			buildSettings = {
				ALWAYS_SEARCH_USER_PATHS = NO;
				CLANG_CXX_LANGUAGE_STANDARD = "gnu++0x";
				CLANG_CXX_LIBRARY = "libc++";
				CLANG_ENABLE_MODULES = YES;
				CLANG_ENABLE_OBJC_ARC = YES;
				CLANG_WARN_BOOL_CONVERSION = YES;
				CLANG_WARN_CONSTANT_CONVERSION = YES;
				CLANG_WARN_DIRECT_OBJC_ISA_USAGE = YES_ERROR;
				CLANG_WARN_EMPTY_BODY = YES;
				CLANG_WARN_ENUM_CONVERSION = YES;
				CLANG_WARN_INT_CONVERSION = YES;
				CLANG_WARN_OBJC_ROOT_CLASS = YES_ERROR;
				CLANG_WARN_UNREACHABLE_CODE = YES;
				CLANG_WARN__DUPLICATE_METHOD_MATCH = YES;
				"CODE_SIGN_IDENTITY[sdk=iphoneos*]" = "iPhone Developer";
				COPY_PHASE_STRIP = NO;
				ENABLE_STRICT_OBJC_MSGSEND = YES;
				GCC_C_LANGUAGE_STANDARD = gnu99;
				GCC_DYNAMIC_NO_PIC = NO;
				GCC_OPTIMIZATION_LEVEL = 0;
				GCC_PREPROCESSOR_DEFINITIONS = (
					"DEBUG=1",
					"$(inherited)",
				);
				GCC_SYMBOLS_PRIVATE_EXTERN = NO;
				GCC_WARN_64_TO_32_BIT_CONVERSION = YES;
				GCC_WARN_ABOUT_RETURN_TYPE = YES_ERROR;
				GCC_WARN_UNDECLARED_SELECTOR = YES;
				GCC_WARN_UNINITIALIZED_AUTOS = YES_AGGRESSIVE;
				GCC_WARN_UNUSED_FUNCTION = YES;
				GCC_WARN_UNUSED_VARIABLE = YES;
				IPHONEOS_DEPLOYMENT_TARGET = 8.1;
				MTL_ENABLE_DEBUG_INFO = YES;
				ONLY_ACTIVE_ARCH = YES;
				SDKROOT = iphoneos;
			};
			name = Debug;
		};
		A9308FAD1A58B9A900C05D01 /* Release */ = {
			isa = XCBuildConfiguration;
			buildSettings = {
				ALWAYS_SEARCH_USER_PATHS = NO;
				CLANG_CXX_LANGUAGE_STANDARD = "gnu++0x";
				CLANG_CXX_LIBRARY = "libc++";
				CLANG_ENABLE_MODULES = YES;
				CLANG_ENABLE_OBJC_ARC = YES;
				CLANG_WARN_BOOL_CONVERSION = YES;
				CLANG_WARN_CONSTANT_CONVERSION = YES;
				CLANG_WARN_DIRECT_OBJC_ISA_USAGE = YES_ERROR;
				CLANG_WARN_EMPTY_BODY = YES;
				CLANG_WARN_ENUM_CONVERSION = YES;
				CLANG_WARN_INT_CONVERSION = YES;
				CLANG_WARN_OBJC_ROOT_CLASS = YES_ERROR;
				CLANG_WARN_UNREACHABLE_CODE = YES;
				CLANG_WARN__DUPLICATE_METHOD_MATCH = YES;
				"CODE_SIGN_IDENTITY[sdk=iphoneos*]" = "iPhone Developer";
				COPY_PHASE_STRIP = YES;
				ENABLE_NS_ASSERTIONS = NO;
				ENABLE_STRICT_OBJC_MSGSEND = YES;
				GCC_C_LANGUAGE_STANDARD = gnu99;
				GCC_WARN_64_TO_32_BIT_CONVERSION = YES;
				GCC_WARN_ABOUT_RETURN_TYPE = YES_ERROR;
				GCC_WARN_UNDECLARED_SELECTOR = YES;
				GCC_WARN_UNINITIALIZED_AUTOS = YES_AGGRESSIVE;
				GCC_WARN_UNUSED_FUNCTION = YES;
				GCC_WARN_UNUSED_VARIABLE = YES;
				IPHONEOS_DEPLOYMENT_TARGET = 8.1;
				MTL_ENABLE_DEBUG_INFO = NO;
				SDKROOT = iphoneos;
				VALIDATE_PRODUCT = YES;
			};
			name = Release;
		};
		A9308FAF1A58B9A900C05D01 /* Debug */ = {
			isa = XCBuildConfiguration;
			buildSettings = {
				ASSETCATALOG_COMPILER_APPICON_NAME = AppIcon;
				INFOPLIST_FILE = NSFargo/Info.plist;
				LD_RUNPATH_SEARCH_PATHS = "$(inherited) @executable_path/Frameworks";
				PRODUCT_NAME = "$(TARGET_NAME)";
				TARGETED_DEVICE_FAMILY = "1,2";
			};
			name = Debug;
		};
		A9308FB01A58B9A900C05D01 /* Release */ = {
			isa = XCBuildConfiguration;
			buildSettings = {
				ASSETCATALOG_COMPILER_APPICON_NAME = AppIcon;
				INFOPLIST_FILE = NSFargo/Info.plist;
				LD_RUNPATH_SEARCH_PATHS = "$(inherited) @executable_path/Frameworks";
				PRODUCT_NAME = "$(TARGET_NAME)";
				TARGETED_DEVICE_FAMILY = "1,2";
			};
			name = Release;
		};
		A9308FB21A58B9A900C05D01 /* Debug */ = {
			isa = XCBuildConfiguration;
			buildSettings = {
				BUNDLE_LOADER = "$(TEST_HOST)";
				FRAMEWORK_SEARCH_PATHS = (
					"$(SDKROOT)/Developer/Library/Frameworks",
					"$(inherited)",
				);
				GCC_PREPROCESSOR_DEFINITIONS = (
					"DEBUG=1",
					"$(inherited)",
				);
				INFOPLIST_FILE = NSFargoTests/Info.plist;
				LD_RUNPATH_SEARCH_PATHS = "$(inherited) @executable_path/Frameworks @loader_path/Frameworks";
				PRODUCT_NAME = "$(TARGET_NAME)";
				TEST_HOST = "$(BUILT_PRODUCTS_DIR)/NSFargo.app/NSFargo";
			};
			name = Debug;
		};
		A9308FB31A58B9A900C05D01 /* Release */ = {
			isa = XCBuildConfiguration;
			buildSettings = {
				BUNDLE_LOADER = "$(TEST_HOST)";
				FRAMEWORK_SEARCH_PATHS = (
					"$(SDKROOT)/Developer/Library/Frameworks",
					"$(inherited)",
				);
				INFOPLIST_FILE = NSFargoTests/Info.plist;
				LD_RUNPATH_SEARCH_PATHS = "$(inherited) @executable_path/Frameworks @loader_path/Frameworks";
				PRODUCT_NAME = "$(TARGET_NAME)";
				TEST_HOST = "$(BUILT_PRODUCTS_DIR)/NSFargo.app/NSFargo";
			};
			name = Release;
		};
/* End XCBuildConfiguration section */

/* Begin XCConfigurationList section */
		A9308F831A58B9A800C05D01 /* Build configuration list for PBXProject "NSFargo" */ = {
			isa = XCConfigurationList;
			buildConfigurations = (
				A9308FAC1A58B9A900C05D01 /* Debug */,
				A9308FAD1A58B9A900C05D01 /* Release */,
			);
			defaultConfigurationIsVisible = 0;
			defaultConfigurationName = Release;
		};
		A9308FAE1A58B9A900C05D01 /* Build configuration list for PBXNativeTarget "NSFargo" */ = {
			isa = XCConfigurationList;
			buildConfigurations = (
				A9308FAF1A58B9A900C05D01 /* Debug */,
				A9308FB01A58B9A900C05D01 /* Release */,
			);
			defaultConfigurationIsVisible = 0;
		};
		A9308FB11A58B9A900C05D01 /* Build configuration list for PBXNativeTarget "NSFargoTests" */ = {
			isa = XCConfigurationList;
			buildConfigurations = (
				A9308FB21A58B9A900C05D01 /* Debug */,
				A9308FB31A58B9A900C05D01 /* Release */,
			);
			defaultConfigurationIsVisible = 0;
		};
/* End XCConfigurationList section */
	};
	rootObject = A9308F801A58B9A800C05D01 /* Project object */;
}
